// !$*UTF8*$!
{
	archiveVersion = 1;
	classes = {
	};
	objectVersion = 50;
	objects = {

/* Begin PBXBuildFile section */
		3DEDE3F2294E2AC8077BB191 /* Pods_performer.framework in Frameworks */ = {isa = PBXBuildFile; fileRef = 752030E0608B0D4CF133E75F /* Pods_performer.framework */; };
		48B7AE524EFB00A6943AF76D /* Pods_performerTests.framework in Frameworks */ = {isa = PBXBuildFile; fileRef = F2996C2E40646A2D460934D1 /* Pods_performerTests.framework */; };
		6A5A302B20976B3F00D11889 /* AVFoundation.framework in Frameworks */ = {isa = PBXBuildFile; fileRef = 6A5A302A20976B3F00D11889 /* AVFoundation.framework */; };
		6A5A302D20976B4600D11889 /* AVKit.framework in Frameworks */ = {isa = PBXBuildFile; fileRef = 6A5A302C20976B4600D11889 /* AVKit.framework */; };
		6A5A303020976C8F00D11889 /* Assets in Resources */ = {isa = PBXBuildFile; fileRef = 6A5A302F20976C8F00D11889 /* Assets */; };
		6A5A304A20A0B60A00D11889 /* onpu2.png in Resources */ = {isa = PBXBuildFile; fileRef = 6A5A304620A0B60A00D11889 /* onpu2.png */; };
		6A5A304B20A0B60A00D11889 /* fire.png in Resources */ = {isa = PBXBuildFile; fileRef = 6A5A304720A0B60A00D11889 /* fire.png */; };
		6A5A304C20A0B60A00D11889 /* onpu.png in Resources */ = {isa = PBXBuildFile; fileRef = 6A5A304820A0B60A00D11889 /* onpu.png */; };
		6A5A304D20A0B60A00D11889 /* good.png in Resources */ = {isa = PBXBuildFile; fileRef = 6A5A304920A0B60A00D11889 /* good.png */; };
		6A8A633C20CD68EC009AB53C /* TopViewController.swift in Sources */ = {isa = PBXBuildFile; fileRef = 6A8A633920CD68EC009AB53C /* TopViewController.swift */; };
		6A8A633D20CD68EC009AB53C /* AppDelegate.swift in Sources */ = {isa = PBXBuildFile; fileRef = 6A8A633A20CD68EC009AB53C /* AppDelegate.swift */; };
		6A8A633E20CD68EC009AB53C /* MovieViewController.swift in Sources */ = {isa = PBXBuildFile; fileRef = 6A8A633B20CD68EC009AB53C /* MovieViewController.swift */; };
		6A8A634220CD6906009AB53C /* AVPlayerView.swift in Sources */ = {isa = PBXBuildFile; fileRef = 6A8A633F20CD6906009AB53C /* AVPlayerView.swift */; };
		6A8A634320CD6906009AB53C /* StampView.swift in Sources */ = {isa = PBXBuildFile; fileRef = 6A8A634020CD6906009AB53C /* StampView.swift */; };
		6A8A634420CD6906009AB53C /* ReactionView.swift in Sources */ = {isa = PBXBuildFile; fileRef = 6A8A634120CD6906009AB53C /* ReactionView.swift */; };
		6A8A634720CD693C009AB53C /* TapRecord.swift in Sources */ = {isa = PBXBuildFile; fileRef = 6A8A634620CD693C009AB53C /* TapRecord.swift */; };
		6A8A634920CD6D3C009AB53C /* GoogleService-Info.plist in Resources */ = {isa = PBXBuildFile; fileRef = 6A8A634820CD6D3C009AB53C /* GoogleService-Info.plist */; };
		6AB371D52097167A00DD2B38 /* Main.storyboard in Resources */ = {isa = PBXBuildFile; fileRef = 6AB371D32097167A00DD2B38 /* Main.storyboard */; };
		6AB371D72097167C00DD2B38 /* Assets.xcassets in Resources */ = {isa = PBXBuildFile; fileRef = 6AB371D62097167C00DD2B38 /* Assets.xcassets */; };
		6AB371DA2097167C00DD2B38 /* LaunchScreen.storyboard in Resources */ = {isa = PBXBuildFile; fileRef = 6AB371D82097167C00DD2B38 /* LaunchScreen.storyboard */; };
		6AB371E52097167C00DD2B38 /* performerTests.swift in Sources */ = {isa = PBXBuildFile; fileRef = 6AB371E42097167C00DD2B38 /* performerTests.swift */; };
		6AB371F02097167C00DD2B38 /* performerUITests.swift in Sources */ = {isa = PBXBuildFile; fileRef = 6AB371EF2097167C00DD2B38 /* performerUITests.swift */; };
		6ABF33B020D3F29E00DB3E96 /* AppDelegate.swift in Sources */ = {isa = PBXBuildFile; fileRef = 6A8A633A20CD68EC009AB53C /* AppDelegate.swift */; };
		6ABF33B120D3F29E00DB3E96 /* AppDelegate.swift in Sources */ = {isa = PBXBuildFile; fileRef = 6A8A633A20CD68EC009AB53C /* AppDelegate.swift */; };
		6AC3997120D3ED1100261025 /* ArrayExtension.swift in Sources */ = {isa = PBXBuildFile; fileRef = 6AC3997020D3ED1100261025 /* ArrayExtension.swift */; };
		6AC3997220D3ED1100261025 /* ArrayExtension.swift in Sources */ = {isa = PBXBuildFile; fileRef = 6AC3997020D3ED1100261025 /* ArrayExtension.swift */; };
		6AC3997320D3ED1100261025 /* ArrayExtension.swift in Sources */ = {isa = PBXBuildFile; fileRef = 6AC3997020D3ED1100261025 /* ArrayExtension.swift */; };
		ADA61024B55C6BA866387FB7 /* Pods_performerUITests.framework in Frameworks */ = {isa = PBXBuildFile; fileRef = 46F856E166C4A69550C87400 /* Pods_performerUITests.framework */; };
/* End PBXBuildFile section */

/* Begin PBXContainerItemProxy section */
		6AB371E12097167C00DD2B38 /* PBXContainerItemProxy */ = {
			isa = PBXContainerItemProxy;
			containerPortal = 6AB371C42097167900DD2B38 /* Project object */;
			proxyType = 1;
			remoteGlobalIDString = 6AB371CB2097167900DD2B38;
			remoteInfo = performer;
		};
		6AB371EC2097167C00DD2B38 /* PBXContainerItemProxy */ = {
			isa = PBXContainerItemProxy;
			containerPortal = 6AB371C42097167900DD2B38 /* Project object */;
			proxyType = 1;
			remoteGlobalIDString = 6AB371CB2097167900DD2B38;
			remoteInfo = performer;
		};
/* End PBXContainerItemProxy section */

/* Begin PBXFileReference section */
		01976B0D8D19CC491E52318D /* Pods-performer.debug.xcconfig */ = {isa = PBXFileReference; includeInIndex = 1; lastKnownFileType = text.xcconfig; name = "Pods-performer.debug.xcconfig"; path = "Pods/Target Support Files/Pods-performer/Pods-performer.debug.xcconfig"; sourceTree = "<group>"; };
		06F857DCFE8849658301065A /* Pods-performerUITests.debug.xcconfig */ = {isa = PBXFileReference; includeInIndex = 1; lastKnownFileType = text.xcconfig; name = "Pods-performerUITests.debug.xcconfig"; path = "Pods/Target Support Files/Pods-performerUITests/Pods-performerUITests.debug.xcconfig"; sourceTree = "<group>"; };
		122ECAD09B4A30A6543F0DE6 /* Pods-performerTests.release.xcconfig */ = {isa = PBXFileReference; includeInIndex = 1; lastKnownFileType = text.xcconfig; name = "Pods-performerTests.release.xcconfig"; path = "Pods/Target Support Files/Pods-performerTests/Pods-performerTests.release.xcconfig"; sourceTree = "<group>"; };
		46F856E166C4A69550C87400 /* Pods_performerUITests.framework */ = {isa = PBXFileReference; explicitFileType = wrapper.framework; includeInIndex = 0; path = Pods_performerUITests.framework; sourceTree = BUILT_PRODUCTS_DIR; };
		6A5A302A20976B3F00D11889 /* AVFoundation.framework */ = {isa = PBXFileReference; lastKnownFileType = wrapper.framework; name = AVFoundation.framework; path = System/Library/Frameworks/AVFoundation.framework; sourceTree = SDKROOT; };
		6A5A302C20976B4600D11889 /* AVKit.framework */ = {isa = PBXFileReference; lastKnownFileType = wrapper.framework; name = AVKit.framework; path = System/Library/Frameworks/AVKit.framework; sourceTree = SDKROOT; };
		6A5A302F20976C8F00D11889 /* Assets */ = {isa = PBXFileReference; lastKnownFileType = folder; path = Assets; sourceTree = "<group>"; };
		6A5A304620A0B60A00D11889 /* onpu2.png */ = {isa = PBXFileReference; lastKnownFileType = image.png; path = onpu2.png; sourceTree = "<group>"; };
		6A5A304720A0B60A00D11889 /* fire.png */ = {isa = PBXFileReference; lastKnownFileType = image.png; path = fire.png; sourceTree = "<group>"; };
		6A5A304820A0B60A00D11889 /* onpu.png */ = {isa = PBXFileReference; lastKnownFileType = image.png; path = onpu.png; sourceTree = "<group>"; };
		6A5A304920A0B60A00D11889 /* good.png */ = {isa = PBXFileReference; lastKnownFileType = image.png; path = good.png; sourceTree = "<group>"; };
		6A8A633920CD68EC009AB53C /* TopViewController.swift */ = {isa = PBXFileReference; fileEncoding = 4; lastKnownFileType = sourcecode.swift; path = TopViewController.swift; sourceTree = "<group>"; };
		6A8A633A20CD68EC009AB53C /* AppDelegate.swift */ = {isa = PBXFileReference; fileEncoding = 4; lastKnownFileType = sourcecode.swift; path = AppDelegate.swift; sourceTree = "<group>"; };
		6A8A633B20CD68EC009AB53C /* MovieViewController.swift */ = {isa = PBXFileReference; fileEncoding = 4; lastKnownFileType = sourcecode.swift; path = MovieViewController.swift; sourceTree = "<group>"; };
		6A8A633F20CD6906009AB53C /* AVPlayerView.swift */ = {isa = PBXFileReference; fileEncoding = 4; lastKnownFileType = sourcecode.swift; path = AVPlayerView.swift; sourceTree = "<group>"; };
		6A8A634020CD6906009AB53C /* StampView.swift */ = {isa = PBXFileReference; fileEncoding = 4; lastKnownFileType = sourcecode.swift; path = StampView.swift; sourceTree = "<group>"; };
		6A8A634120CD6906009AB53C /* ReactionView.swift */ = {isa = PBXFileReference; fileEncoding = 4; lastKnownFileType = sourcecode.swift; path = ReactionView.swift; sourceTree = "<group>"; };
		6A8A634620CD693C009AB53C /* TapRecord.swift */ = {isa = PBXFileReference; fileEncoding = 4; lastKnownFileType = sourcecode.swift; path = TapRecord.swift; sourceTree = "<group>"; };
		6A8A634820CD6D3C009AB53C /* GoogleService-Info.plist */ = {isa = PBXFileReference; fileEncoding = 4; lastKnownFileType = text.plist.xml; path = "GoogleService-Info.plist"; sourceTree = "<group>"; };
		6AB371CC2097167A00DD2B38 /* performer.app */ = {isa = PBXFileReference; explicitFileType = wrapper.application; includeInIndex = 0; path = performer.app; sourceTree = BUILT_PRODUCTS_DIR; };
		6AB371D42097167A00DD2B38 /* Base */ = {isa = PBXFileReference; lastKnownFileType = file.storyboard; name = Base; path = Base.lproj/Main.storyboard; sourceTree = "<group>"; };
		6AB371D62097167C00DD2B38 /* Assets.xcassets */ = {isa = PBXFileReference; lastKnownFileType = folder.assetcatalog; path = Assets.xcassets; sourceTree = "<group>"; };
		6AB371D92097167C00DD2B38 /* Base */ = {isa = PBXFileReference; lastKnownFileType = file.storyboard; name = Base; path = Base.lproj/LaunchScreen.storyboard; sourceTree = "<group>"; };
		6AB371DB2097167C00DD2B38 /* Info.plist */ = {isa = PBXFileReference; lastKnownFileType = text.plist.xml; path = Info.plist; sourceTree = "<group>"; };
		6AB371E02097167C00DD2B38 /* performerTests.xctest */ = {isa = PBXFileReference; explicitFileType = wrapper.cfbundle; includeInIndex = 0; path = performerTests.xctest; sourceTree = BUILT_PRODUCTS_DIR; };
		6AB371E42097167C00DD2B38 /* performerTests.swift */ = {isa = PBXFileReference; lastKnownFileType = sourcecode.swift; path = performerTests.swift; sourceTree = "<group>"; };
		6AB371E62097167C00DD2B38 /* Info.plist */ = {isa = PBXFileReference; lastKnownFileType = text.plist.xml; path = Info.plist; sourceTree = "<group>"; };
		6AB371EB2097167C00DD2B38 /* performerUITests.xctest */ = {isa = PBXFileReference; explicitFileType = wrapper.cfbundle; includeInIndex = 0; path = performerUITests.xctest; sourceTree = BUILT_PRODUCTS_DIR; };
		6AB371EF2097167C00DD2B38 /* performerUITests.swift */ = {isa = PBXFileReference; lastKnownFileType = sourcecode.swift; path = performerUITests.swift; sourceTree = "<group>"; };
		6AB371F12097167C00DD2B38 /* Info.plist */ = {isa = PBXFileReference; lastKnownFileType = text.plist.xml; path = Info.plist; sourceTree = "<group>"; };
		6AC3997020D3ED1100261025 /* ArrayExtension.swift */ = {isa = PBXFileReference; lastKnownFileType = sourcecode.swift; path = ArrayExtension.swift; sourceTree = "<group>"; };
		752030E0608B0D4CF133E75F /* Pods_performer.framework */ = {isa = PBXFileReference; explicitFileType = wrapper.framework; includeInIndex = 0; path = Pods_performer.framework; sourceTree = BUILT_PRODUCTS_DIR; };
		B23A0F10BC471AA334421276 /* Pods-performerTests.debug.xcconfig */ = {isa = PBXFileReference; includeInIndex = 1; lastKnownFileType = text.xcconfig; name = "Pods-performerTests.debug.xcconfig"; path = "Pods/Target Support Files/Pods-performerTests/Pods-performerTests.debug.xcconfig"; sourceTree = "<group>"; };
		DE2D71E65D67AB5DE9D9B19E /* Pods-performerUITests.release.xcconfig */ = {isa = PBXFileReference; includeInIndex = 1; lastKnownFileType = text.xcconfig; name = "Pods-performerUITests.release.xcconfig"; path = "Pods/Target Support Files/Pods-performerUITests/Pods-performerUITests.release.xcconfig"; sourceTree = "<group>"; };
		DEBB906201348D8F5ED555CC /* Pods-performer.release.xcconfig */ = {isa = PBXFileReference; includeInIndex = 1; lastKnownFileType = text.xcconfig; name = "Pods-performer.release.xcconfig"; path = "Pods/Target Support Files/Pods-performer/Pods-performer.release.xcconfig"; sourceTree = "<group>"; };
		F2996C2E40646A2D460934D1 /* Pods_performerTests.framework */ = {isa = PBXFileReference; explicitFileType = wrapper.framework; includeInIndex = 0; path = Pods_performerTests.framework; sourceTree = BUILT_PRODUCTS_DIR; };
/* End PBXFileReference section */

/* Begin PBXFrameworksBuildPhase section */
		6AB371C92097167900DD2B38 /* Frameworks */ = {
			isa = PBXFrameworksBuildPhase;
			buildActionMask = 2147483647;
			files = (
				6A5A302D20976B4600D11889 /* AVKit.framework in Frameworks */,
				6A5A302B20976B3F00D11889 /* AVFoundation.framework in Frameworks */,
				3DEDE3F2294E2AC8077BB191 /* Pods_performer.framework in Frameworks */,
			);
			runOnlyForDeploymentPostprocessing = 0;
		};
		6AB371DD2097167C00DD2B38 /* Frameworks */ = {
			isa = PBXFrameworksBuildPhase;
			buildActionMask = 2147483647;
			files = (
				48B7AE524EFB00A6943AF76D /* Pods_performerTests.framework in Frameworks */,
			);
			runOnlyForDeploymentPostprocessing = 0;
		};
		6AB371E82097167C00DD2B38 /* Frameworks */ = {
			isa = PBXFrameworksBuildPhase;
			buildActionMask = 2147483647;
			files = (
				ADA61024B55C6BA866387FB7 /* Pods_performerUITests.framework in Frameworks */,
			);
			runOnlyForDeploymentPostprocessing = 0;
		};
/* End PBXFrameworksBuildPhase section */

/* Begin PBXGroup section */
		6A5A302920976B3F00D11889 /* Frameworks */ = {
			isa = PBXGroup;
			children = (
				6A5A302C20976B4600D11889 /* AVKit.framework */,
				6A5A302A20976B3F00D11889 /* AVFoundation.framework */,
				752030E0608B0D4CF133E75F /* Pods_performer.framework */,
				F2996C2E40646A2D460934D1 /* Pods_performerTests.framework */,
				46F856E166C4A69550C87400 /* Pods_performerUITests.framework */,
			);
			name = Frameworks;
			sourceTree = "<group>";
		};
		6A5A303D20A0B5BC00D11889 /* Resources */ = {
			isa = PBXGroup;
			children = (
				6A5A304720A0B60A00D11889 /* fire.png */,
				6A5A304920A0B60A00D11889 /* good.png */,
				6A5A304820A0B60A00D11889 /* onpu.png */,
				6A5A304620A0B60A00D11889 /* onpu2.png */,
			);
			path = Resources;
			sourceTree = "<group>";
		};
		6A8A633720CD6899009AB53C /* Scripts */ = {
			isa = PBXGroup;
			children = (
				6AC3996F20D3ECFE00261025 /* Util */,
				6A8A633A20CD68EC009AB53C /* AppDelegate.swift */,
				6A8A633B20CD68EC009AB53C /* MovieViewController.swift */,
				6A8A633920CD68EC009AB53C /* TopViewController.swift */,
				6A8A634520CD690D009AB53C /* Model */,
				6A8A633820CD68C2009AB53C /* View */,
			);
			path = Scripts;
			sourceTree = "<group>";
		};
		6A8A633820CD68C2009AB53C /* View */ = {
			isa = PBXGroup;
			children = (
				6A8A633F20CD6906009AB53C /* AVPlayerView.swift */,
				6A8A634120CD6906009AB53C /* ReactionView.swift */,
				6A8A634020CD6906009AB53C /* StampView.swift */,
			);
			path = View;
			sourceTree = "<group>";
		};
		6A8A634520CD690D009AB53C /* Model */ = {
			isa = PBXGroup;
			children = (
				6A8A634620CD693C009AB53C /* TapRecord.swift */,
			);
			path = Model;
			sourceTree = "<group>";
		};
		6AB371C32097167900DD2B38 = {
			isa = PBXGroup;
			children = (
				6AB371CE2097167A00DD2B38 /* performer */,
				6AB371E32097167C00DD2B38 /* performerTests */,
				6AB371EE2097167C00DD2B38 /* performerUITests */,
				6AB371CD2097167A00DD2B38 /* Products */,
				6A5A302920976B3F00D11889 /* Frameworks */,
				CDDFD84221426CA7D4AC2907 /* Pods */,
			);
			sourceTree = "<group>";
		};
		6AB371CD2097167A00DD2B38 /* Products */ = {
			isa = PBXGroup;
			children = (
				6AB371CC2097167A00DD2B38 /* performer.app */,
				6AB371E02097167C00DD2B38 /* performerTests.xctest */,
				6AB371EB2097167C00DD2B38 /* performerUITests.xctest */,
			);
			name = Products;
			sourceTree = "<group>";
		};
		6AB371CE2097167A00DD2B38 /* performer */ = {
			isa = PBXGroup;
			children = (
				6A8A633720CD6899009AB53C /* Scripts */,
				6AB371D32097167A00DD2B38 /* Main.storyboard */,
				6AB371D62097167C00DD2B38 /* Assets.xcassets */,
				6AB371D82097167C00DD2B38 /* LaunchScreen.storyboard */,
				6A5A303D20A0B5BC00D11889 /* Resources */,
				6A5A302F20976C8F00D11889 /* Assets */,
				6AB371DB2097167C00DD2B38 /* Info.plist */,
				6A8A634820CD6D3C009AB53C /* GoogleService-Info.plist */,
			);
			path = performer;
			sourceTree = "<group>";
		};
		6AB371E32097167C00DD2B38 /* performerTests */ = {
			isa = PBXGroup;
			children = (
				6AB371E42097167C00DD2B38 /* performerTests.swift */,
				6AB371E62097167C00DD2B38 /* Info.plist */,
			);
			path = performerTests;
			sourceTree = "<group>";
		};
		6AB371EE2097167C00DD2B38 /* performerUITests */ = {
			isa = PBXGroup;
			children = (
				6AB371EF2097167C00DD2B38 /* performerUITests.swift */,
				6AB371F12097167C00DD2B38 /* Info.plist */,
			);
			path = performerUITests;
			sourceTree = "<group>";
		};
		6AC3996F20D3ECFE00261025 /* Util */ = {
			isa = PBXGroup;
			children = (
				6AC3997020D3ED1100261025 /* ArrayExtension.swift */,
			);
			path = Util;
			sourceTree = "<group>";
		};
		CDDFD84221426CA7D4AC2907 /* Pods */ = {
			isa = PBXGroup;
			children = (
				01976B0D8D19CC491E52318D /* Pods-performer.debug.xcconfig */,
				DEBB906201348D8F5ED555CC /* Pods-performer.release.xcconfig */,
				B23A0F10BC471AA334421276 /* Pods-performerTests.debug.xcconfig */,
				122ECAD09B4A30A6543F0DE6 /* Pods-performerTests.release.xcconfig */,
				06F857DCFE8849658301065A /* Pods-performerUITests.debug.xcconfig */,
				DE2D71E65D67AB5DE9D9B19E /* Pods-performerUITests.release.xcconfig */,
			);
			name = Pods;
			sourceTree = "<group>";
		};
/* End PBXGroup section */

/* Begin PBXNativeTarget section */
		6AB371CB2097167900DD2B38 /* performer */ = {
			isa = PBXNativeTarget;
			buildConfigurationList = 6AB371F42097167C00DD2B38 /* Build configuration list for PBXNativeTarget "performer" */;
			buildPhases = (
				3AEA5E697F3136F99AC522D0 /* [CP] Check Pods Manifest.lock */,
				6AB371C82097167900DD2B38 /* Sources */,
				6AB371C92097167900DD2B38 /* Frameworks */,
				6AB371CA2097167900DD2B38 /* Resources */,
				B10D6189B818FC0648923588 /* [CP] Embed Pods Frameworks */,
			);
			buildRules = (
			);
			dependencies = (
			);
			name = performer;
			productName = performer;
			productReference = 6AB371CC2097167A00DD2B38 /* performer.app */;
			productType = "com.apple.product-type.application";
		};
		6AB371DF2097167C00DD2B38 /* performerTests */ = {
			isa = PBXNativeTarget;
			buildConfigurationList = 6AB371F72097167C00DD2B38 /* Build configuration list for PBXNativeTarget "performerTests" */;
			buildPhases = (
				B351066C98FD166BECA69775 /* [CP] Check Pods Manifest.lock */,
				6AB371DC2097167C00DD2B38 /* Sources */,
				6AB371DD2097167C00DD2B38 /* Frameworks */,
				6AB371DE2097167C00DD2B38 /* Resources */,
			);
			buildRules = (
			);
			dependencies = (
				6AB371E22097167C00DD2B38 /* PBXTargetDependency */,
			);
			name = performerTests;
			productName = performerTests;
			productReference = 6AB371E02097167C00DD2B38 /* performerTests.xctest */;
			productType = "com.apple.product-type.bundle.unit-test";
		};
		6AB371EA2097167C00DD2B38 /* performerUITests */ = {
			isa = PBXNativeTarget;
			buildConfigurationList = 6AB371FA2097167C00DD2B38 /* Build configuration list for PBXNativeTarget "performerUITests" */;
			buildPhases = (
				674A855F3F806E9461E88D10 /* [CP] Check Pods Manifest.lock */,
				6AB371E72097167C00DD2B38 /* Sources */,
				6AB371E82097167C00DD2B38 /* Frameworks */,
				6AB371E92097167C00DD2B38 /* Resources */,
			);
			buildRules = (
			);
			dependencies = (
				6AB371ED2097167C00DD2B38 /* PBXTargetDependency */,
			);
			name = performerUITests;
			productName = performerUITests;
			productReference = 6AB371EB2097167C00DD2B38 /* performerUITests.xctest */;
			productType = "com.apple.product-type.bundle.ui-testing";
		};
/* End PBXNativeTarget section */

/* Begin PBXProject section */
		6AB371C42097167900DD2B38 /* Project object */ = {
			isa = PBXProject;
			attributes = {
				LastSwiftUpdateCheck = 0930;
				LastUpgradeCheck = 0930;
				ORGANIZATIONNAME = visioooon;
				TargetAttributes = {
					6AB371CB2097167900DD2B38 = {
						CreatedOnToolsVersion = 9.3;
						LastSwiftMigration = 0940;
					};
					6AB371DF2097167C00DD2B38 = {
						CreatedOnToolsVersion = 9.3;
						TestTargetID = 6AB371CB2097167900DD2B38;
					};
					6AB371EA2097167C00DD2B38 = {
						CreatedOnToolsVersion = 9.3;
						TestTargetID = 6AB371CB2097167900DD2B38;
					};
				};
			};
			buildConfigurationList = 6AB371C72097167900DD2B38 /* Build configuration list for PBXProject "performer" */;
			compatibilityVersion = "Xcode 9.3";
			developmentRegion = en;
			hasScannedForEncodings = 0;
			knownRegions = (
				en,
				Base,
			);
			mainGroup = 6AB371C32097167900DD2B38;
			productRefGroup = 6AB371CD2097167A00DD2B38 /* Products */;
			projectDirPath = "";
			projectRoot = "";
			targets = (
				6AB371CB2097167900DD2B38 /* performer */,
				6AB371DF2097167C00DD2B38 /* performerTests */,
				6AB371EA2097167C00DD2B38 /* performerUITests */,
			);
		};
/* End PBXProject section */

/* Begin PBXResourcesBuildPhase section */
		6AB371CA2097167900DD2B38 /* Resources */ = {
			isa = PBXResourcesBuildPhase;
			buildActionMask = 2147483647;
			files = (
				6AB371DA2097167C00DD2B38 /* LaunchScreen.storyboard in Resources */,
				6A5A303020976C8F00D11889 /* Assets in Resources */,
				6A8A634920CD6D3C009AB53C /* GoogleService-Info.plist in Resources */,
				6A5A304A20A0B60A00D11889 /* onpu2.png in Resources */,
				6AB371D72097167C00DD2B38 /* Assets.xcassets in Resources */,
				6A5A304D20A0B60A00D11889 /* good.png in Resources */,
				6AB371D52097167A00DD2B38 /* Main.storyboard in Resources */,
				6A5A304C20A0B60A00D11889 /* onpu.png in Resources */,
				6A5A304B20A0B60A00D11889 /* fire.png in Resources */,
			);
			runOnlyForDeploymentPostprocessing = 0;
		};
		6AB371DE2097167C00DD2B38 /* Resources */ = {
			isa = PBXResourcesBuildPhase;
			buildActionMask = 2147483647;
			files = (
			);
			runOnlyForDeploymentPostprocessing = 0;
		};
		6AB371E92097167C00DD2B38 /* Resources */ = {
			isa = PBXResourcesBuildPhase;
			buildActionMask = 2147483647;
			files = (
			);
			runOnlyForDeploymentPostprocessing = 0;
		};
/* End PBXResourcesBuildPhase section */

/* Begin PBXShellScriptBuildPhase section */
		3AEA5E697F3136F99AC522D0 /* [CP] Check Pods Manifest.lock */ = {
			isa = PBXShellScriptBuildPhase;
			buildActionMask = 2147483647;
			files = (
			);
			inputPaths = (
				"${PODS_PODFILE_DIR_PATH}/Podfile.lock",
				"${PODS_ROOT}/Manifest.lock",
			);
			name = "[CP] Check Pods Manifest.lock";
			outputPaths = (
				"$(DERIVED_FILE_DIR)/Pods-performer-checkManifestLockResult.txt",
			);
			runOnlyForDeploymentPostprocessing = 0;
			shellPath = /bin/sh;
			shellScript = "diff \"${PODS_PODFILE_DIR_PATH}/Podfile.lock\" \"${PODS_ROOT}/Manifest.lock\" > /dev/null\nif [ $? != 0 ] ; then\n    # print error to STDERR\n    echo \"error: The sandbox is not in sync with the Podfile.lock. Run 'pod install' or update your CocoaPods installation.\" >&2\n    exit 1\nfi\n# This output is used by Xcode 'outputs' to avoid re-running this script phase.\necho \"SUCCESS\" > \"${SCRIPT_OUTPUT_FILE_0}\"\n";
			showEnvVarsInLog = 0;
		};
		674A855F3F806E9461E88D10 /* [CP] Check Pods Manifest.lock */ = {
			isa = PBXShellScriptBuildPhase;
			buildActionMask = 2147483647;
			files = (
			);
			inputPaths = (
				"${PODS_PODFILE_DIR_PATH}/Podfile.lock",
				"${PODS_ROOT}/Manifest.lock",
			);
			name = "[CP] Check Pods Manifest.lock";
			outputPaths = (
				"$(DERIVED_FILE_DIR)/Pods-performerUITests-checkManifestLockResult.txt",
			);
			runOnlyForDeploymentPostprocessing = 0;
			shellPath = /bin/sh;
			shellScript = "diff \"${PODS_PODFILE_DIR_PATH}/Podfile.lock\" \"${PODS_ROOT}/Manifest.lock\" > /dev/null\nif [ $? != 0 ] ; then\n    # print error to STDERR\n    echo \"error: The sandbox is not in sync with the Podfile.lock. Run 'pod install' or update your CocoaPods installation.\" >&2\n    exit 1\nfi\n# This output is used by Xcode 'outputs' to avoid re-running this script phase.\necho \"SUCCESS\" > \"${SCRIPT_OUTPUT_FILE_0}\"\n";
			showEnvVarsInLog = 0;
		};
		B10D6189B818FC0648923588 /* [CP] Embed Pods Frameworks */ = {
			isa = PBXShellScriptBuildPhase;
			buildActionMask = 2147483647;
			files = (
			);
			inputPaths = (
				"${SRCROOT}/Pods/Target Support Files/Pods-performer/Pods-performer-frameworks.sh",
				"${BUILT_PRODUCTS_DIR}/BoringSSL/openssl.framework",
				"${BUILT_PRODUCTS_DIR}/GoogleToolboxForMac/GoogleToolboxForMac.framework",
				"${BUILT_PRODUCTS_DIR}/Protobuf/Protobuf.framework",
				"${BUILT_PRODUCTS_DIR}/gRPC/GRPCClient.framework",
				"${BUILT_PRODUCTS_DIR}/gRPC-Core/grpc.framework",
				"${BUILT_PRODUCTS_DIR}/gRPC-ProtoRPC/ProtoRPC.framework",
				"${BUILT_PRODUCTS_DIR}/gRPC-RxLibrary/RxLibrary.framework",
				"${BUILT_PRODUCTS_DIR}/leveldb-library/leveldb.framework",
				"${BUILT_PRODUCTS_DIR}/nanopb/nanopb.framework",
			);
			name = "[CP] Embed Pods Frameworks";
			outputPaths = (
				"${TARGET_BUILD_DIR}/${FRAMEWORKS_FOLDER_PATH}/openssl.framework",
				"${TARGET_BUILD_DIR}/${FRAMEWORKS_FOLDER_PATH}/GoogleToolboxForMac.framework",
				"${TARGET_BUILD_DIR}/${FRAMEWORKS_FOLDER_PATH}/Protobuf.framework",
				"${TARGET_BUILD_DIR}/${FRAMEWORKS_FOLDER_PATH}/GRPCClient.framework",
				"${TARGET_BUILD_DIR}/${FRAMEWORKS_FOLDER_PATH}/grpc.framework",
				"${TARGET_BUILD_DIR}/${FRAMEWORKS_FOLDER_PATH}/ProtoRPC.framework",
				"${TARGET_BUILD_DIR}/${FRAMEWORKS_FOLDER_PATH}/RxLibrary.framework",
				"${TARGET_BUILD_DIR}/${FRAMEWORKS_FOLDER_PATH}/leveldb.framework",
				"${TARGET_BUILD_DIR}/${FRAMEWORKS_FOLDER_PATH}/nanopb.framework",
			);
			runOnlyForDeploymentPostprocessing = 0;
			shellPath = /bin/sh;
			shellScript = "\"${SRCROOT}/Pods/Target Support Files/Pods-performer/Pods-performer-frameworks.sh\"\n";
			showEnvVarsInLog = 0;
		};
		B351066C98FD166BECA69775 /* [CP] Check Pods Manifest.lock */ = {
			isa = PBXShellScriptBuildPhase;
			buildActionMask = 2147483647;
			files = (
			);
			inputPaths = (
				"${PODS_PODFILE_DIR_PATH}/Podfile.lock",
				"${PODS_ROOT}/Manifest.lock",
			);
			name = "[CP] Check Pods Manifest.lock";
			outputPaths = (
				"$(DERIVED_FILE_DIR)/Pods-performerTests-checkManifestLockResult.txt",
			);
			runOnlyForDeploymentPostprocessing = 0;
			shellPath = /bin/sh;
			shellScript = "diff \"${PODS_PODFILE_DIR_PATH}/Podfile.lock\" \"${PODS_ROOT}/Manifest.lock\" > /dev/null\nif [ $? != 0 ] ; then\n    # print error to STDERR\n    echo \"error: The sandbox is not in sync with the Podfile.lock. Run 'pod install' or update your CocoaPods installation.\" >&2\n    exit 1\nfi\n# This output is used by Xcode 'outputs' to avoid re-running this script phase.\necho \"SUCCESS\" > \"${SCRIPT_OUTPUT_FILE_0}\"\n";
			showEnvVarsInLog = 0;
		};
/* End PBXShellScriptBuildPhase section */

/* Begin PBXSourcesBuildPhase section */
		6AB371C82097167900DD2B38 /* Sources */ = {
			isa = PBXSourcesBuildPhase;
			buildActionMask = 2147483647;
			files = (
				6A8A634220CD6906009AB53C /* AVPlayerView.swift in Sources */,
				6A8A634420CD6906009AB53C /* ReactionView.swift in Sources */,
				6A8A634720CD693C009AB53C /* TapRecord.swift in Sources */,
				6AC3997120D3ED1100261025 /* ArrayExtension.swift in Sources */,
				6A8A633D20CD68EC009AB53C /* AppDelegate.swift in Sources */,
				6A8A633C20CD68EC009AB53C /* TopViewController.swift in Sources */,
				6A8A634320CD6906009AB53C /* StampView.swift in Sources */,
				6A8A633E20CD68EC009AB53C /* MovieViewController.swift in Sources */,
			);
			runOnlyForDeploymentPostprocessing = 0;
		};
		6AB371DC2097167C00DD2B38 /* Sources */ = {
			isa = PBXSourcesBuildPhase;
			buildActionMask = 2147483647;
			files = (
				6ABF33B020D3F29E00DB3E96 /* AppDelegate.swift in Sources */,
				6AB371E52097167C00DD2B38 /* performerTests.swift in Sources */,
				6AC3997220D3ED1100261025 /* ArrayExtension.swift in Sources */,
			);
			runOnlyForDeploymentPostprocessing = 0;
		};
		6AB371E72097167C00DD2B38 /* Sources */ = {
			isa = PBXSourcesBuildPhase;
			buildActionMask = 2147483647;
			files = (
				6ABF33B120D3F29E00DB3E96 /* AppDelegate.swift in Sources */,
				6AB371F02097167C00DD2B38 /* performerUITests.swift in Sources */,
				6AC3997320D3ED1100261025 /* ArrayExtension.swift in Sources */,
			);
			runOnlyForDeploymentPostprocessing = 0;
		};
/* End PBXSourcesBuildPhase section */

/* Begin PBXTargetDependency section */
		6AB371E22097167C00DD2B38 /* PBXTargetDependency */ = {
			isa = PBXTargetDependency;
			target = 6AB371CB2097167900DD2B38 /* performer */;
			targetProxy = 6AB371E12097167C00DD2B38 /* PBXContainerItemProxy */;
		};
		6AB371ED2097167C00DD2B38 /* PBXTargetDependency */ = {
			isa = PBXTargetDependency;
			target = 6AB371CB2097167900DD2B38 /* performer */;
			targetProxy = 6AB371EC2097167C00DD2B38 /* PBXContainerItemProxy */;
		};
/* End PBXTargetDependency section */

/* Begin PBXVariantGroup section */
		6AB371D32097167A00DD2B38 /* Main.storyboard */ = {
			isa = PBXVariantGroup;
			children = (
				6AB371D42097167A00DD2B38 /* Base */,
			);
			name = Main.storyboard;
			sourceTree = "<group>";
		};
		6AB371D82097167C00DD2B38 /* LaunchScreen.storyboard */ = {
			isa = PBXVariantGroup;
			children = (
				6AB371D92097167C00DD2B38 /* Base */,
			);
			name = LaunchScreen.storyboard;
			sourceTree = "<group>";
		};
/* End PBXVariantGroup section */

/* Begin XCBuildConfiguration section */
		6AB371F22097167C00DD2B38 /* Debug */ = {
			isa = XCBuildConfiguration;
			buildSettings = {
				ALWAYS_SEARCH_USER_PATHS = NO;
				CLANG_ANALYZER_NONNULL = YES;
				CLANG_ANALYZER_NUMBER_OBJECT_CONVERSION = YES_AGGRESSIVE;
				CLANG_CXX_LANGUAGE_STANDARD = "gnu++14";
				CLANG_CXX_LIBRARY = "libc++";
				CLANG_ENABLE_MODULES = YES;
				CLANG_ENABLE_OBJC_ARC = YES;
				CLANG_ENABLE_OBJC_WEAK = YES;
				CLANG_WARN_BLOCK_CAPTURE_AUTORELEASING = YES;
				CLANG_WARN_BOOL_CONVERSION = YES;
				CLANG_WARN_COMMA = YES;
				CLANG_WARN_CONSTANT_CONVERSION = YES;
				CLANG_WARN_DEPRECATED_OBJC_IMPLEMENTATIONS = YES;
				CLANG_WARN_DIRECT_OBJC_ISA_USAGE = YES_ERROR;
				CLANG_WARN_DOCUMENTATION_COMMENTS = YES;
				CLANG_WARN_EMPTY_BODY = YES;
				CLANG_WARN_ENUM_CONVERSION = YES;
				CLANG_WARN_INFINITE_RECURSION = YES;
				CLANG_WARN_INT_CONVERSION = YES;
				CLANG_WARN_NON_LITERAL_NULL_CONVERSION = YES;
				CLANG_WARN_OBJC_IMPLICIT_RETAIN_SELF = YES;
				CLANG_WARN_OBJC_LITERAL_CONVERSION = YES;
				CLANG_WARN_OBJC_ROOT_CLASS = YES_ERROR;
				CLANG_WARN_RANGE_LOOP_ANALYSIS = YES;
				CLANG_WARN_STRICT_PROTOTYPES = YES;
				CLANG_WARN_SUSPICIOUS_MOVE = YES;
				CLANG_WARN_UNGUARDED_AVAILABILITY = YES_AGGRESSIVE;
				CLANG_WARN_UNREACHABLE_CODE = YES;
				CLANG_WARN__DUPLICATE_METHOD_MATCH = YES;
				CODE_SIGN_IDENTITY = "iPhone Developer";
				COPY_PHASE_STRIP = NO;
				DEBUG_INFORMATION_FORMAT = dwarf;
				ENABLE_STRICT_OBJC_MSGSEND = YES;
				ENABLE_TESTABILITY = YES;
				GCC_C_LANGUAGE_STANDARD = gnu11;
				GCC_DYNAMIC_NO_PIC = NO;
				GCC_NO_COMMON_BLOCKS = YES;
				GCC_OPTIMIZATION_LEVEL = 0;
				GCC_PREPROCESSOR_DEFINITIONS = (
					"DEBUG=1",
					"$(inherited)",
				);
				GCC_WARN_64_TO_32_BIT_CONVERSION = YES;
				GCC_WARN_ABOUT_RETURN_TYPE = YES_ERROR;
				GCC_WARN_UNDECLARED_SELECTOR = YES;
				GCC_WARN_UNINITIALIZED_AUTOS = YES_AGGRESSIVE;
				GCC_WARN_UNUSED_FUNCTION = YES;
				GCC_WARN_UNUSED_VARIABLE = YES;
				IPHONEOS_DEPLOYMENT_TARGET = 11.3;
				MTL_ENABLE_DEBUG_INFO = YES;
				ONLY_ACTIVE_ARCH = YES;
				SDKROOT = iphoneos;
				SWIFT_ACTIVE_COMPILATION_CONDITIONS = DEBUG;
				SWIFT_OPTIMIZATION_LEVEL = "-Onone";
			};
			name = Debug;
		};
		6AB371F32097167C00DD2B38 /* Release */ = {
			isa = XCBuildConfiguration;
			buildSettings = {
				ALWAYS_SEARCH_USER_PATHS = NO;
				CLANG_ANALYZER_NONNULL = YES;
				CLANG_ANALYZER_NUMBER_OBJECT_CONVERSION = YES_AGGRESSIVE;
				CLANG_CXX_LANGUAGE_STANDARD = "gnu++14";
				CLANG_CXX_LIBRARY = "libc++";
				CLANG_ENABLE_MODULES = YES;
				CLANG_ENABLE_OBJC_ARC = YES;
				CLANG_ENABLE_OBJC_WEAK = YES;
				CLANG_WARN_BLOCK_CAPTURE_AUTORELEASING = YES;
				CLANG_WARN_BOOL_CONVERSION = YES;
				CLANG_WARN_COMMA = YES;
				CLANG_WARN_CONSTANT_CONVERSION = YES;
				CLANG_WARN_DEPRECATED_OBJC_IMPLEMENTATIONS = YES;
				CLANG_WARN_DIRECT_OBJC_ISA_USAGE = YES_ERROR;
				CLANG_WARN_DOCUMENTATION_COMMENTS = YES;
				CLANG_WARN_EMPTY_BODY = YES;
				CLANG_WARN_ENUM_CONVERSION = YES;
				CLANG_WARN_INFINITE_RECURSION = YES;
				CLANG_WARN_INT_CONVERSION = YES;
				CLANG_WARN_NON_LITERAL_NULL_CONVERSION = YES;
				CLANG_WARN_OBJC_IMPLICIT_RETAIN_SELF = YES;
				CLANG_WARN_OBJC_LITERAL_CONVERSION = YES;
				CLANG_WARN_OBJC_ROOT_CLASS = YES_ERROR;
				CLANG_WARN_RANGE_LOOP_ANALYSIS = YES;
				CLANG_WARN_STRICT_PROTOTYPES = YES;
				CLANG_WARN_SUSPICIOUS_MOVE = YES;
				CLANG_WARN_UNGUARDED_AVAILABILITY = YES_AGGRESSIVE;
				CLANG_WARN_UNREACHABLE_CODE = YES;
				CLANG_WARN__DUPLICATE_METHOD_MATCH = YES;
				CODE_SIGN_IDENTITY = "iPhone Developer";
				COPY_PHASE_STRIP = NO;
				DEBUG_INFORMATION_FORMAT = "dwarf-with-dsym";
				ENABLE_NS_ASSERTIONS = NO;
				ENABLE_STRICT_OBJC_MSGSEND = YES;
				GCC_C_LANGUAGE_STANDARD = gnu11;
				GCC_NO_COMMON_BLOCKS = YES;
				GCC_WARN_64_TO_32_BIT_CONVERSION = YES;
				GCC_WARN_ABOUT_RETURN_TYPE = YES_ERROR;
				GCC_WARN_UNDECLARED_SELECTOR = YES;
				GCC_WARN_UNINITIALIZED_AUTOS = YES_AGGRESSIVE;
				GCC_WARN_UNUSED_FUNCTION = YES;
				GCC_WARN_UNUSED_VARIABLE = YES;
				IPHONEOS_DEPLOYMENT_TARGET = 11.3;
				MTL_ENABLE_DEBUG_INFO = NO;
				SDKROOT = iphoneos;
				SWIFT_COMPILATION_MODE = wholemodule;
				SWIFT_OPTIMIZATION_LEVEL = "-O";
				VALIDATE_PRODUCT = YES;
			};
			name = Release;
		};
		6AB371F52097167C00DD2B38 /* Debug */ = {
			isa = XCBuildConfiguration;
			baseConfigurationReference = 01976B0D8D19CC491E52318D /* Pods-performer.debug.xcconfig */;
			buildSettings = {
				ASSETCATALOG_COMPILER_APPICON_NAME = AppIcon;
				CLANG_ENABLE_MODULES = YES;
				CODE_SIGN_IDENTITY = "iPhone Developer";
				CODE_SIGN_INJECT_BASE_ENTITLEMENTS = NO;
				CODE_SIGN_STYLE = Automatic;
				DEVELOPMENT_TEAM = 3HYE3VVXG2;
				INFOPLIST_FILE = performer/Info.plist;
				IPHONEOS_DEPLOYMENT_TARGET = 11.0;
				LD_RUNPATH_SEARCH_PATHS = (
					"$(inherited)",
					"@executable_path/Frameworks",
				);
				PRODUCT_BUNDLE_IDENTIFIER = visioooon.performer;
				PRODUCT_NAME = "$(TARGET_NAME)";
				PROVISIONING_PROFILE_SPECIFIER = "";
				SWIFT_OPTIMIZATION_LEVEL = "-Onone";
				SWIFT_VERSION = 4.0;
				TARGETED_DEVICE_FAMILY = "1,2";
			};
			name = Debug;
		};
		6AB371F62097167C00DD2B38 /* Release */ = {
			isa = XCBuildConfiguration;
			baseConfigurationReference = DEBB906201348D8F5ED555CC /* Pods-performer.release.xcconfig */;
			buildSettings = {
				ASSETCATALOG_COMPILER_APPICON_NAME = AppIcon;
				CLANG_ENABLE_MODULES = YES;
				CODE_SIGN_IDENTITY = "iPhone Developer";
				CODE_SIGN_INJECT_BASE_ENTITLEMENTS = NO;
				CODE_SIGN_STYLE = Automatic;
				DEVELOPMENT_TEAM = 3HYE3VVXG2;
				INFOPLIST_FILE = performer/Info.plist;
				IPHONEOS_DEPLOYMENT_TARGET = 11.0;
				LD_RUNPATH_SEARCH_PATHS = (
					"$(inherited)",
					"@executable_path/Frameworks",
				);
				PRODUCT_BUNDLE_IDENTIFIER = visioooon.performer;
				PRODUCT_NAME = "$(TARGET_NAME)";
				PROVISIONING_PROFILE_SPECIFIER = "";
				SWIFT_VERSION = 4.0;
				TARGETED_DEVICE_FAMILY = "1,2";
			};
			name = Release;
		};
		6AB371F82097167C00DD2B38 /* Debug */ = {
			isa = XCBuildConfiguration;
			baseConfigurationReference = B23A0F10BC471AA334421276 /* Pods-performerTests.debug.xcconfig */;
			buildSettings = {
				ALWAYS_EMBED_SWIFT_STANDARD_LIBRARIES = YES;
				BUNDLE_LOADER = "$(TEST_HOST)";
				CODE_SIGN_STYLE = Automatic;
				INFOPLIST_FILE = performerTests/Info.plist;
				LD_RUNPATH_SEARCH_PATHS = (
					"$(inherited)",
					"@executable_path/Frameworks",
					"@loader_path/Frameworks",
				);
				PRODUCT_BUNDLE_IDENTIFIER = visioooon.performerTests;
				PRODUCT_NAME = "$(TARGET_NAME)";
				SWIFT_VERSION = 4.0;
				TARGETED_DEVICE_FAMILY = "1,2";
				TEST_HOST = "$(BUILT_PRODUCTS_DIR)/performer.app/performer";
			};
			name = Debug;
		};
		6AB371F92097167C00DD2B38 /* Release */ = {
			isa = XCBuildConfiguration;
			baseConfigurationReference = 122ECAD09B4A30A6543F0DE6 /* Pods-performerTests.release.xcconfig */;
			buildSettings = {
				ALWAYS_EMBED_SWIFT_STANDARD_LIBRARIES = YES;
				BUNDLE_LOADER = "$(TEST_HOST)";
				CODE_SIGN_STYLE = Automatic;
				INFOPLIST_FILE = performerTests/Info.plist;
				LD_RUNPATH_SEARCH_PATHS = (
					"$(inherited)",
					"@executable_path/Frameworks",
					"@loader_path/Frameworks",
				);
				PRODUCT_BUNDLE_IDENTIFIER = visioooon.performerTests;
				PRODUCT_NAME = "$(TARGET_NAME)";
				SWIFT_VERSION = 4.0;
				TARGETED_DEVICE_FAMILY = "1,2";
				TEST_HOST = "$(BUILT_PRODUCTS_DIR)/performer.app/performer";
			};
			name = Release;
		};
		6AB371FB2097167C00DD2B38 /* Debug */ = {
			isa = XCBuildConfiguration;
			baseConfigurationReference = 06F857DCFE8849658301065A /* Pods-performerUITests.debug.xcconfig */;
			buildSettings = {
				ALWAYS_EMBED_SWIFT_STANDARD_LIBRARIES = YES;
				CODE_SIGN_STYLE = Automatic;
				INFOPLIST_FILE = performerUITests/Info.plist;
				LD_RUNPATH_SEARCH_PATHS = (
					"$(inherited)",
					"@executable_path/Frameworks",
					"@loader_path/Frameworks",
				);
				PRODUCT_BUNDLE_IDENTIFIER = visioooon.performerUITests;
				PRODUCT_NAME = "$(TARGET_NAME)";
				SWIFT_VERSION = 4.0;
				TARGETED_DEVICE_FAMILY = "1,2";
				TEST_TARGET_NAME = performer;
			};
			name = Debug;
		};
		6AB371FC2097167C00DD2B38 /* Release */ = {
			isa = XCBuildConfiguration;
			baseConfigurationReference = DE2D71E65D67AB5DE9D9B19E /* Pods-performerUITests.release.xcconfig */;
			buildSettings = {
				ALWAYS_EMBED_SWIFT_STANDARD_LIBRARIES = YES;
				CODE_SIGN_STYLE = Automatic;
				INFOPLIST_FILE = performerUITests/Info.plist;
				LD_RUNPATH_SEARCH_PATHS = (
					"$(inherited)",
					"@executable_path/Frameworks",
					"@loader_path/Frameworks",
				);
				PRODUCT_BUNDLE_IDENTIFIER = visioooon.performerUITests;
				PRODUCT_NAME = "$(TARGET_NAME)";
				SWIFT_VERSION = 4.0;
				TARGETED_DEVICE_FAMILY = "1,2";
				TEST_TARGET_NAME = performer;
			};
			name = Release;
		};
/* End XCBuildConfiguration section */

/* Begin XCConfigurationList section */
		6AB371C72097167900DD2B38 /* Build configuration list for PBXProject "performer" */ = {
			isa = XCConfigurationList;
			buildConfigurations = (
				6AB371F22097167C00DD2B38 /* Debug */,
				6AB371F32097167C00DD2B38 /* Release */,
			);
			defaultConfigurationIsVisible = 0;
			defaultConfigurationName = Release;
		};
		6AB371F42097167C00DD2B38 /* Build configuration list for PBXNativeTarget "performer" */ = {
			isa = XCConfigurationList;
			buildConfigurations = (
				6AB371F52097167C00DD2B38 /* Debug */,
				6AB371F62097167C00DD2B38 /* Release */,
			);
			defaultConfigurationIsVisible = 0;
			defaultConfigurationName = Release;
		};
		6AB371F72097167C00DD2B38 /* Build configuration list for PBXNativeTarget "performerTests" */ = {
			isa = XCConfigurationList;
			buildConfigurations = (
				6AB371F82097167C00DD2B38 /* Debug */,
				6AB371F92097167C00DD2B38 /* Release */,
			);
			defaultConfigurationIsVisible = 0;
			defaultConfigurationName = Release;
		};
		6AB371FA2097167C00DD2B38 /* Build configuration list for PBXNativeTarget "performerUITests" */ = {
			isa = XCConfigurationList;
			buildConfigurations = (
				6AB371FB2097167C00DD2B38 /* Debug */,
				6AB371FC2097167C00DD2B38 /* Release */,
			);
			defaultConfigurationIsVisible = 0;
			defaultConfigurationName = Release;
		};
/* End XCConfigurationList section */
	};
	rootObject = 6AB371C42097167900DD2B38 /* Project object */;
}
